
Microsoft Visual Studio Solution File, Format Version 12.00
# Visual Studio Version 17
VisualStudioVersion = 17.11.35312.102
MinimumVisualStudioVersion = 10.0.40219.1
Project("{FAE04EC0-301F-11D3-BF4B-00C04F79EFBC}") = "TrabPIG_07", "Tanques\TrabPIG_07.csproj", "{EC891877-4BC0-4959-86A2-61515B190F98}"
EndProject
Global
	GlobalSection(SolutionConfigurationPlatforms) = preSolution
		Debug|Any CPU = Debug|Any CPU
		Release|Any CPU = Release|Any CPU
	EndGlobalSection
	GlobalSection(ProjectConfigurationPlatforms) = postSolution
		{EC891877-4BC0-4959-86A2-61515B190F98}.Debug|Any CPU.ActiveCfg = Debug|Any CPU
		{EC891877-4BC0-4959-86A2-61515B190F98}.Debug|Any CPU.Build.0 = Debug|Any CPU
		{EC891877-4BC0-4959-86A2-61515B190F98}.Release|Any CPU.ActiveCfg = Release|Any CPU
		{EC891877-4BC0-4959-86A2-61515B190F98}.Release|Any CPU.Build.0 = Release|Any CPU
	EndGlobalSection
	GlobalSection(SolutionProperties) = preSolution
		HideSolutionNode = FALSE
	EndGlobalSection
	GlobalSection(ExtensibilityGlobals) = postSolution
		SolutionGuid = {46C2A467-DF96-4BB9-B34D-16BDE6E17825}
	EndGlobalSection
EndGlobal
